
Microsoft Visual Studio Solution File, Format Version 12.00
# Visual Studio Version 16
VisualStudioVersion = 16.0.29613.14
MinimumVisualStudioVersion = 10.0.40219.1
Project("{FAE04EC0-301F-11D3-BF4B-00C04F79EFBC}") = "CSGOLabPrep", "CSGOLabPrep.csproj", "{77D93D9E-E812-40CC-990A-5631AFA4BD33}"
EndProject
Global
	GlobalSection(SolutionConfigurationPlatforms) = preSolution
		Debug|Any CPU = Debug|Any CPU
		Release|Any CPU = Release|Any CPU
	EndGlobalSection
	GlobalSection(ProjectConfigurationPlatforms) = postSolution
		{77D93D9E-E812-40CC-990A-5631AFA4BD33}.Debug|Any CPU.ActiveCfg = Debug|Any CPU
		{77D93D9E-E812-40CC-990A-5631AFA4BD33}.Debug|Any CPU.Build.0 = Debug|Any CPU
		{77D93D9E-E812-40CC-990A-5631AFA4BD33}.Release|Any CPU.ActiveCfg = Release|Any CPU
		{77D93D9E-E812-40CC-990A-5631AFA4BD33}.Release|Any CPU.Build.0 = Release|Any CPU
	EndGlobalSection
	GlobalSection(SolutionProperties) = preSolution
		HideSolutionNode = FALSE
	EndGlobalSection
	GlobalSection(ExtensibilityGlobals) = postSolution
		SolutionGuid = {CFE01456-C23A-4F6F-BE3A-A85D3D45D101}
	EndGlobalSection
EndGlobal
